
Microsoft Visual Studio Solution File, Format Version 12.00
# Visual Studio Express 2012 for Windows Desktop
Project("{FAE04EC0-301F-11D3-BF4B-00C04F79EFBC}") = "01-Accelerometer", "01-Accelerometer\01-Accelerometer.csproj", "{2E52B139-3FD5-4373-B036-99A07D656A04}"
EndProject
Project("{FAE04EC0-301F-11D3-BF4B-00C04F79EFBC}") = "02-ExtendedRangeDepthData", "02-ExtendedRangeDepthData\02-ExtendedRangeDepthData.csproj", "{1ABCC623-9F53-49B4-91E7-4CCA3A5D65F9}"
EndProject
Project("{FAE04EC0-301F-11D3-BF4B-00C04F79EFBC}") = "03-Infrared", "03-Infrared\03-Infrared.csproj", "{F71658A9-4E09-48C7-91D0-BA6157257AA3}"
EndProject
Project("{FAE04EC0-301F-11D3-BF4B-00C04F79EFBC}") = "04-RawBayer", "04-RawBayer\04-RawBayer.csproj", "{E55BCA56-6FF2-436C-9B41-C12A6103DCE7}"
EndProject
Project("{FAE04EC0-301F-11D3-BF4B-00C04F79EFBC}") = "05-ColorCameraSettings", "05-ColorCameraSettings\05-ColorCameraSettings.csproj", "{87C8DFB6-2EC0-4C81-A6D9-A8B50BE3ABDD}"
EndProject
Project("{8BC9CEB8-8B4A-11D0-8D11-00A0C91BC942}") = "01-AccelerometerCpp", "01-AccelerometerCpp\01-AccelerometerCpp.vcxproj", "{356C0759-5097-4191-856F-1B7BD71511F7}"
EndProject
Project("{8BC9CEB8-8B4A-11D0-8D11-00A0C91BC942}") = "02-ExtendedRangeDepthDataCpp", "02-ExtendedRangeDepthDataCpp\02-ExtendedRangeDepthDataCpp.vcxproj", "{D1ACA878-A53D-4CA8-AE5F-5D57F605E04B}"
EndProject
Project("{8BC9CEB8-8B4A-11D0-8D11-00A0C91BC942}") = "03-InfraredCpp", "03-InfraredCpp\03-InfraredCpp.vcxproj", "{F21840FA-3364-4F34-99EC-8E8DC895B49A}"
EndProject
Project("{8BC9CEB8-8B4A-11D0-8D11-00A0C91BC942}") = "04-RawBayerCpp", "04-RawBayerCpp\04-RawBayerCpp.vcxproj", "{76C0A739-3BC3-45F3-A5BF-650BEC293728}"
EndProject
Project("{8BC9CEB8-8B4A-11D0-8D11-00A0C91BC942}") = "05-ColorCameraSettingsCpp", "05-ColorCameraSettingsCpp\05-ColorCameraSettingsCpp.vcxproj", "{5D7FF01B-A0D9-4111-91E6-CB2AE64272B8}"
EndProject
Global
	GlobalSection(SolutionConfigurationPlatforms) = preSolution
		Debug|Any CPU = Debug|Any CPU
		Debug|Mixed Platforms = Debug|Mixed Platforms
		Debug|Win32 = Debug|Win32
		Release|Any CPU = Release|Any CPU
		Release|Mixed Platforms = Release|Mixed Platforms
		Release|Win32 = Release|Win32
	EndGlobalSection
	GlobalSection(ProjectConfigurationPlatforms) = postSolution
		{2E52B139-3FD5-4373-B036-99A07D656A04}.Debug|Any CPU.ActiveCfg = Debug|Any CPU
		{2E52B139-3FD5-4373-B036-99A07D656A04}.Debug|Any CPU.Build.0 = Debug|Any CPU
		{2E52B139-3FD5-4373-B036-99A07D656A04}.Debug|Mixed Platforms.ActiveCfg = Debug|Any CPU
		{2E52B139-3FD5-4373-B036-99A07D656A04}.Debug|Mixed Platforms.Build.0 = Debug|Any CPU
		{2E52B139-3FD5-4373-B036-99A07D656A04}.Debug|Win32.ActiveCfg = Debug|Any CPU
		{2E52B139-3FD5-4373-B036-99A07D656A04}.Release|Any CPU.ActiveCfg = Release|Any CPU
		{2E52B139-3FD5-4373-B036-99A07D656A04}.Release|Any CPU.Build.0 = Release|Any CPU
		{2E52B139-3FD5-4373-B036-99A07D656A04}.Release|Mixed Platforms.ActiveCfg = Release|Any CPU
		{2E52B139-3FD5-4373-B036-99A07D656A04}.Release|Mixed Platforms.Build.0 = Release|Any CPU
		{2E52B139-3FD5-4373-B036-99A07D656A04}.Release|Win32.ActiveCfg = Release|Any CPU
		{1ABCC623-9F53-49B4-91E7-4CCA3A5D65F9}.Debug|Any CPU.ActiveCfg = Debug|Any CPU
		{1ABCC623-9F53-49B4-91E7-4CCA3A5D65F9}.Debug|Any CPU.Build.0 = Debug|Any CPU
		{1ABCC623-9F53-49B4-91E7-4CCA3A5D65F9}.Debug|Mixed Platforms.ActiveCfg = Debug|Any CPU
		{1ABCC623-9F53-49B4-91E7-4CCA3A5D65F9}.Debug|Mixed Platforms.Build.0 = Debug|Any CPU
		{1ABCC623-9F53-49B4-91E7-4CCA3A5D65F9}.Debug|Win32.ActiveCfg = Debug|Any CPU
		{1ABCC623-9F53-49B4-91E7-4CCA3A5D65F9}.Release|Any CPU.ActiveCfg = Release|Any CPU
		{1ABCC623-9F53-49B4-91E7-4CCA3A5D65F9}.Release|Any CPU.Build.0 = Release|Any CPU
		{1ABCC623-9F53-49B4-91E7-4CCA3A5D65F9}.Release|Mixed Platforms.ActiveCfg = Release|Any CPU
		{1ABCC623-9F53-49B4-91E7-4CCA3A5D65F9}.Release|Mixed Platforms.Build.0 = Release|Any CPU
		{1ABCC623-9F53-49B4-91E7-4CCA3A5D65F9}.Release|Win32.ActiveCfg = Release|Any CPU
		{F71658A9-4E09-48C7-91D0-BA6157257AA3}.Debug|Any CPU.ActiveCfg = Debug|Any CPU
		{F71658A9-4E09-48C7-91D0-BA6157257AA3}.Debug|Any CPU.Build.0 = Debug|Any CPU
		{F71658A9-4E09-48C7-91D0-BA6157257AA3}.Debug|Mixed Platforms.ActiveCfg = Debug|Any CPU
		{F71658A9-4E09-48C7-91D0-BA6157257AA3}.Debug|Mixed Platforms.Build.0 = Debug|Any CPU
		{F71658A9-4E09-48C7-91D0-BA6157257AA3}.Debug|Win32.ActiveCfg = Debug|Any CPU
		{F71658A9-4E09-48C7-91D0-BA6157257AA3}.Release|Any CPU.ActiveCfg = Release|Any CPU
		{F71658A9-4E09-48C7-91D0-BA6157257AA3}.Release|Any CPU.Build.0 = Release|Any CPU
		{F71658A9-4E09-48C7-91D0-BA6157257AA3}.Release|Mixed Platforms.ActiveCfg = Release|Any CPU
		{F71658A9-4E09-48C7-91D0-BA6157257AA3}.Release|Mixed Platforms.Build.0 = Release|Any CPU
		{F71658A9-4E09-48C7-91D0-BA6157257AA3}.Release|Win32.ActiveCfg = Release|Any CPU
		{E55BCA56-6FF2-436C-9B41-C12A6103DCE7}.Debug|Any CPU.ActiveCfg = Debug|Any CPU
		{E55BCA56-6FF2-436C-9B41-C12A6103DCE7}.Debug|Any CPU.Build.0 = Debug|Any CPU
		{E55BCA56-6FF2-436C-9B41-C12A6103DCE7}.Debug|Mixed Platforms.ActiveCfg = Debug|Any CPU
		{E55BCA56-6FF2-436C-9B41-C12A6103DCE7}.Debug|Mixed Platforms.Build.0 = Debug|Any CPU
		{E55BCA56-6FF2-436C-9B41-C12A6103DCE7}.Debug|Win32.ActiveCfg = Debug|Any CPU
		{E55BCA56-6FF2-436C-9B41-C12A6103DCE7}.Release|Any CPU.ActiveCfg = Release|Any CPU
		{E55BCA56-6FF2-436C-9B41-C12A6103DCE7}.Release|Any CPU.Build.0 = Release|Any CPU
		{E55BCA56-6FF2-436C-9B41-C12A6103DCE7}.Release|Mixed Platforms.ActiveCfg = Release|Any CPU
		{E55BCA56-6FF2-436C-9B41-C12A6103DCE7}.Release|Mixed Platforms.Build.0 = Release|Any CPU
		{E55BCA56-6FF2-436C-9B41-C12A6103DCE7}.Release|Win32.ActiveCfg = Release|Any CPU
		{87C8DFB6-2EC0-4C81-A6D9-A8B50BE3ABDD}.Debug|Any CPU.ActiveCfg = Debug|Any CPU
		{87C8DFB6-2EC0-4C81-A6D9-A8B50BE3ABDD}.Debug|Any CPU.Build.0 = Debug|Any CPU
		{87C8DFB6-2EC0-4C81-A6D9-A8B50BE3ABDD}.Debug|Mixed Platforms.ActiveCfg = Debug|Any CPU
		{87C8DFB6-2EC0-4C81-A6D9-A8B50BE3ABDD}.Debug|Mixed Platforms.Build.0 = Debug|Any CPU
		{87C8DFB6-2EC0-4C81-A6D9-A8B50BE3ABDD}.Debug|Win32.ActiveCfg = Debug|Any CPU
		{87C8DFB6-2EC0-4C81-A6D9-A8B50BE3ABDD}.Release|Any CPU.ActiveCfg = Release|Any CPU
		{87C8DFB6-2EC0-4C81-A6D9-A8B50BE3ABDD}.Release|Any CPU.Build.0 = Release|Any CPU
		{87C8DFB6-2EC0-4C81-A6D9-A8B50BE3ABDD}.Release|Mixed Platforms.ActiveCfg = Release|Any CPU
		{87C8DFB6-2EC0-4C81-A6D9-A8B50BE3ABDD}.Release|Mixed Platforms.Build.0 = Release|Any CPU
		{87C8DFB6-2EC0-4C81-A6D9-A8B50BE3ABDD}.Release|Win32.ActiveCfg = Release|Any CPU
		{356C0759-5097-4191-856F-1B7BD71511F7}.Debug|Any CPU.ActiveCfg = Debug|Win32
		{356C0759-5097-4191-856F-1B7BD71511F7}.Debug|Mixed Platforms.ActiveCfg = Debug|Win32
		{356C0759-5097-4191-856F-1B7BD71511F7}.Debug|Mixed Platforms.Build.0 = Debug|Win32
		{356C0759-5097-4191-856F-1B7BD71511F7}.Debug|Win32.ActiveCfg = Debug|Win32
		{356C0759-5097-4191-856F-1B7BD71511F7}.Debug|Win32.Build.0 = Debug|Win32
		{356C0759-5097-4191-856F-1B7BD71511F7}.Release|Any CPU.ActiveCfg = Release|Win32
		{356C0759-5097-4191-856F-1B7BD71511F7}.Release|Mixed Platforms.ActiveCfg = Release|Win32
		{356C0759-5097-4191-856F-1B7BD71511F7}.Release|Mixed Platforms.Build.0 = Release|Win32
		{356C0759-5097-4191-856F-1B7BD71511F7}.Release|Win32.ActiveCfg = Release|Win32
		{356C0759-5097-4191-856F-1B7BD71511F7}.Release|Win32.Build.0 = Release|Win32
		{D1ACA878-A53D-4CA8-AE5F-5D57F605E04B}.Debug|Any CPU.ActiveCfg = Debug|Win32
		{D1ACA878-A53D-4CA8-AE5F-5D57F605E04B}.Debug|Mixed Platforms.ActiveCfg = Debug|Win32
		{D1ACA878-A53D-4CA8-AE5F-5D57F605E04B}.Debug|Mixed Platforms.Build.0 = Debug|Win32
		{D1ACA878-A53D-4CA8-AE5F-5D57F605E04B}.Debug|Win32.ActiveCfg = Debug|Win32
		{D1ACA878-A53D-4CA8-AE5F-5D57F605E04B}.Debug|Win32.Build.0 = Debug|Win32
		{D1ACA878-A53D-4CA8-AE5F-5D57F605E04B}.Release|Any CPU.ActiveCfg = Release|Win32
		{D1ACA878-A53D-4CA8-AE5F-5D57F605E04B}.Release|Mixed Platforms.ActiveCfg = Release|Win32
		{D1ACA878-A53D-4CA8-AE5F-5D57F605E04B}.Release|Mixed Platforms.Build.0 = Release|Win32
		{D1ACA878-A53D-4CA8-AE5F-5D57F605E04B}.Release|Win32.ActiveCfg = Release|Win32
		{D1ACA878-A53D-4CA8-AE5F-5D57F605E04B}.Release|Win32.Build.0 = Release|Win32
		{F21840FA-3364-4F34-99EC-8E8DC895B49A}.Debug|Any CPU.ActiveCfg = Debug|Win32
		{F21840FA-3364-4F34-99EC-8E8DC895B49A}.Debug|Mixed Platforms.ActiveCfg = Debug|Win32
		{F21840FA-3364-4F34-99EC-8E8DC895B49A}.Debug|Mixed Platforms.Build.0 = Debug|Win32
		{F21840FA-3364-4F34-99EC-8E8DC895B49A}.Debug|Win32.ActiveCfg = Debug|Win32
		{F21840FA-3364-4F34-99EC-8E8DC895B49A}.Debug|Win32.Build.0 = Debug|Win32
		{F21840FA-3364-4F34-99EC-8E8DC895B49A}.Release|Any CPU.ActiveCfg = Release|Win32
		{F21840FA-3364-4F34-99EC-8E8DC895B49A}.Release|Mixed Platforms.ActiveCfg = Release|Win32
		{F21840FA-3364-4F34-99EC-8E8DC895B49A}.Release|Mixed Platforms.Build.0 = Release|Win32
		{F21840FA-3364-4F34-99EC-8E8DC895B49A}.Release|Win32.ActiveCfg = Release|Win32
		{F21840FA-3364-4F34-99EC-8E8DC895B49A}.Release|Win32.Build.0 = Release|Win32
		{76C0A739-3BC3-45F3-A5BF-650BEC293728}.Debug|Any CPU.ActiveCfg = Debug|Win32
		{76C0A739-3BC3-45F3-A5BF-650BEC293728}.Debug|Mixed Platforms.ActiveCfg = Debug|Win32
		{76C0A739-3BC3-45F3-A5BF-650BEC293728}.Debug|Mixed Platforms.Build.0 = Debug|Win32
		{76C0A739-3BC3-45F3-A5BF-650BEC293728}.Debug|Win32.ActiveCfg = Debug|Win32
		{76C0A739-3BC3-45F3-A5BF-650BEC293728}.Debug|Win32.Build.0 = Debug|Win32
		{76C0A739-3BC3-45F3-A5BF-650BEC293728}.Release|Any CPU.ActiveCfg = Release|Win32
		{76C0A739-3BC3-45F3-A5BF-650BEC293728}.Release|Mixed Platforms.ActiveCfg = Release|Win32
		{76C0A739-3BC3-45F3-A5BF-650BEC293728}.Release|Mixed Platforms.Build.0 = Release|Win32
		{76C0A739-3BC3-45F3-A5BF-650BEC293728}.Release|Win32.ActiveCfg = Release|Win32
		{76C0A739-3BC3-45F3-A5BF-650BEC293728}.Release|Win32.Build.0 = Release|Win32
		{5D7FF01B-A0D9-4111-91E6-CB2AE64272B8}.Debug|Any CPU.ActiveCfg = Debug|Win32
		{5D7FF01B-A0D9-4111-91E6-CB2AE64272B8}.Debug|Mixed Platforms.ActiveCfg = Debug|Win32
		{5D7FF01B-A0D9-4111-91E6-CB2AE64272B8}.Debug|Mixed Platforms.Build.0 = Debug|Win32
		{5D7FF01B-A0D9-4111-91E6-CB2AE64272B8}.Debug|Win32.ActiveCfg = Debug|Win32
		{5D7FF01B-A0D9-4111-91E6-CB2AE64272B8}.Debug|Win32.Build.0 = Debug|Win32
		{5D7FF01B-A0D9-4111-91E6-CB2AE64272B8}.Release|Any CPU.ActiveCfg = Release|Win32
		{5D7FF01B-A0D9-4111-91E6-CB2AE64272B8}.Release|Mixed Platforms.ActiveCfg = Release|Win32
		{5D7FF01B-A0D9-4111-91E6-CB2AE64272B8}.Release|Mixed Platforms.Build.0 = Release|Win32
		{5D7FF01B-A0D9-4111-91E6-CB2AE64272B8}.Release|Win32.ActiveCfg = Release|Win32
		{5D7FF01B-A0D9-4111-91E6-CB2AE64272B8}.Release|Win32.Build.0 = Release|Win32
	EndGlobalSection
	GlobalSection(SolutionProperties) = preSolution
		HideSolutionNode = FALSE
	EndGlobalSection
EndGlobal
